
Microsoft Visual Studio Solution File, Format Version 12.00
# Visual Studio Version 17
VisualStudioVersion = 17.7.34221.43
MinimumVisualStudioVersion = 10.0.40219.1
Project("{2150E333-8FDC-42A3-9474-1A3956D46DE8}") = "N70", "N70", "{5E9CE776-BE5D-43E8-BBD6-798F85C9F402}"
EndProject
Project("{9A19103F-16F7-4668-BE54-9A1E7A4F7556}") = "Identity.API", "Identity.API\Identity.API.csproj", "{04E292B1-65E0-4355-BE4C-0E7241447C72}"
EndProject
Project("{9A19103F-16F7-4668-BE54-9A1E7A4F7556}") = "Identity.Domain", "Identity.Domain\Identity.Domain.csproj", "{276C16F3-F889-4E08-8D64-C35386865047}"
EndProject
Project("{9A19103F-16F7-4668-BE54-9A1E7A4F7556}") = "Identity.Persistance", "Identity.Persistance\Identity.Persistance.csproj", "{74904647-C4F6-45AC-99FF-761CDBE37864}"
EndProject
Project("{9A19103F-16F7-4668-BE54-9A1E7A4F7556}") = "Identity.Application", "Identity.Application\Identity.Application.csproj", "{18DC3430-572B-42A4-984F-2C01BF24861B}"
EndProject
Project("{9A19103F-16F7-4668-BE54-9A1E7A4F7556}") = "Identity.Infrastructure", "Identity.Infrastructure\Identity.Infrastructure.csproj", "{A99C716A-2BB7-477F-BE05-676BBED0B01E}"
EndProject
Project("{2150E333-8FDC-42A3-9474-1A3956D46DE8}") = "N71-N72", "N71-N72", "{4C000CC3-572C-4A83-84CE-F0F38CF07CC2}"
EndProject
Project("{9A19103F-16F7-4668-BE54-9A1E7A4F7556}") = "Blogs.API", "Blogs.API\Blogs.API.csproj", "{D52BD2E7-2183-48CC-A7D0-BA0BDDDE43F1}"
EndProject
Project("{9A19103F-16F7-4668-BE54-9A1E7A4F7556}") = "Blogs.Domain", "Blogs.Domain\Blogs.Domain.csproj", "{FEDEFB28-FFC1-4A78-A34C-E9619F6F0127}"
EndProject
Project("{9A19103F-16F7-4668-BE54-9A1E7A4F7556}") = "Blogs.Persistance", "Blogs.Persistance\Blogs.Persistance.csproj", "{10A9BF45-F4E5-4D29-A696-04FD073500F1}"
EndProject
Project("{9A19103F-16F7-4668-BE54-9A1E7A4F7556}") = "Blogs.Application", "Blogs.Application\Blogs.Application.csproj", "{77E03084-2215-481D-837C-5971C42578BB}"
EndProject
Project("{9A19103F-16F7-4668-BE54-9A1E7A4F7556}") = "Blogs.Infrastructure", "Blogs.Infrastructure\Blogs.Infrastructure.csproj", "{D3CCEF8C-9B06-4C15-A32F-DB232E5ADB2B}"
EndProject
Project("{2150E333-8FDC-42A3-9474-1A3956D46DE8}") = "NotificationsProject", "NotificationsProject", "{484EE4EF-7C0A-4ED7-A715-C120E2B3670E}"
EndProject
Project("{9A19103F-16F7-4668-BE54-9A1E7A4F7556}") = "Notifications.Domain", "Notifications.Domain\Notifications.Domain.csproj", "{C1EFC8D6-B129-4523-9B3E-A3500CB0B95B}"
EndProject
Project("{9A19103F-16F7-4668-BE54-9A1E7A4F7556}") = "Notifications.Application", "Notifications.Application\Notifications.Application.csproj", "{3C9B3C71-C17E-4E3C-B0A7-9B15968B68E0}"
EndProject
Project("{9A19103F-16F7-4668-BE54-9A1E7A4F7556}") = "Notifications.Persistance", "Notifications.Persistance\Notifications.Persistance.csproj", "{A9BF5B18-6102-44DD-8501-A59A643E1865}"
EndProject
Project("{9A19103F-16F7-4668-BE54-9A1E7A4F7556}") = "Notifications.Infrastructure", "Notifications.Infrastructure\Notifications.Infrastructure.csproj", "{42257C28-4928-45D1-9409-0F1799023378}"
EndProject
Project("{FAE04EC0-301F-11D3-BF4B-00C04F79EFBC}") = "Notifications.API", "Notifications.API\Notifications.API.csproj", "{63F2E0A0-C3C9-4822-A380-78078A58C093}"
EndProject
Project("{2150E333-8FDC-42A3-9474-1A3956D46DE8}") = "N76HT1_Interseptors", "N76HT1_Interseptors", "{99106D41-602A-4E20-9171-CF2AFBD6BD83}"
EndProject
Project("{FAE04EC0-301F-11D3-BF4B-00C04F79EFBC}") = "Interceptor.API", "Interceptor.API\Interceptor.API.csproj", "{4741774C-9002-4C36-9994-CDA34490F253}"
EndProject
Project("{FAE04EC0-301F-11D3-BF4B-00C04F79EFBC}") = "Interceptor.Domain", "Interceptor.Domain\Interceptor.Domain.csproj", "{C7961BA0-0779-4F39-86BD-F6B20EBA710A}"
EndProject
Project("{FAE04EC0-301F-11D3-BF4B-00C04F79EFBC}") = "Interceptor.Application", "Interceptor.Application\Interceptor.Application.csproj", "{C8A59862-E202-4B49-BA1D-C92524044ECC}"
EndProject
Project("{FAE04EC0-301F-11D3-BF4B-00C04F79EFBC}") = "Interceptor.Persistance", "Interceptor.Persistance\Interceptor.Persistance.csproj", "{20EFA105-33C6-4A92-B733-66DC3DB7B5F2}"
EndProject
Project("{FAE04EC0-301F-11D3-BF4B-00C04F79EFBC}") = "Interceptor.Infrastructure", "Interceptor.Infrastructure\Interceptor.Infrastructure.csproj", "{E7A3C375-236B-448B-AF04-7F0ECA809364}"
EndProject
Global
	GlobalSection(SolutionConfigurationPlatforms) = preSolution
		Debug|Any CPU = Debug|Any CPU
		Release|Any CPU = Release|Any CPU
	EndGlobalSection
	GlobalSection(ProjectConfigurationPlatforms) = postSolution
		{04E292B1-65E0-4355-BE4C-0E7241447C72}.Debug|Any CPU.ActiveCfg = Debug|Any CPU
		{04E292B1-65E0-4355-BE4C-0E7241447C72}.Debug|Any CPU.Build.0 = Debug|Any CPU
		{04E292B1-65E0-4355-BE4C-0E7241447C72}.Release|Any CPU.ActiveCfg = Release|Any CPU
		{04E292B1-65E0-4355-BE4C-0E7241447C72}.Release|Any CPU.Build.0 = Release|Any CPU
		{276C16F3-F889-4E08-8D64-C35386865047}.Debug|Any CPU.ActiveCfg = Debug|Any CPU
		{276C16F3-F889-4E08-8D64-C35386865047}.Debug|Any CPU.Build.0 = Debug|Any CPU
		{276C16F3-F889-4E08-8D64-C35386865047}.Release|Any CPU.ActiveCfg = Release|Any CPU
		{276C16F3-F889-4E08-8D64-C35386865047}.Release|Any CPU.Build.0 = Release|Any CPU
		{74904647-C4F6-45AC-99FF-761CDBE37864}.Debug|Any CPU.ActiveCfg = Debug|Any CPU
		{74904647-C4F6-45AC-99FF-761CDBE37864}.Debug|Any CPU.Build.0 = Debug|Any CPU
		{74904647-C4F6-45AC-99FF-761CDBE37864}.Release|Any CPU.ActiveCfg = Release|Any CPU
		{74904647-C4F6-45AC-99FF-761CDBE37864}.Release|Any CPU.Build.0 = Release|Any CPU
		{18DC3430-572B-42A4-984F-2C01BF24861B}.Debug|Any CPU.ActiveCfg = Debug|Any CPU
		{18DC3430-572B-42A4-984F-2C01BF24861B}.Debug|Any CPU.Build.0 = Debug|Any CPU
		{18DC3430-572B-42A4-984F-2C01BF24861B}.Release|Any CPU.ActiveCfg = Release|Any CPU
		{18DC3430-572B-42A4-984F-2C01BF24861B}.Release|Any CPU.Build.0 = Release|Any CPU
		{A99C716A-2BB7-477F-BE05-676BBED0B01E}.Debug|Any CPU.ActiveCfg = Debug|Any CPU
		{A99C716A-2BB7-477F-BE05-676BBED0B01E}.Debug|Any CPU.Build.0 = Debug|Any CPU
		{A99C716A-2BB7-477F-BE05-676BBED0B01E}.Release|Any CPU.ActiveCfg = Release|Any CPU
		{A99C716A-2BB7-477F-BE05-676BBED0B01E}.Release|Any CPU.Build.0 = Release|Any CPU
		{D52BD2E7-2183-48CC-A7D0-BA0BDDDE43F1}.Debug|Any CPU.ActiveCfg = Debug|Any CPU
		{D52BD2E7-2183-48CC-A7D0-BA0BDDDE43F1}.Debug|Any CPU.Build.0 = Debug|Any CPU
		{D52BD2E7-2183-48CC-A7D0-BA0BDDDE43F1}.Release|Any CPU.ActiveCfg = Release|Any CPU
		{D52BD2E7-2183-48CC-A7D0-BA0BDDDE43F1}.Release|Any CPU.Build.0 = Release|Any CPU
		{FEDEFB28-FFC1-4A78-A34C-E9619F6F0127}.Debug|Any CPU.ActiveCfg = Debug|Any CPU
		{FEDEFB28-FFC1-4A78-A34C-E9619F6F0127}.Debug|Any CPU.Build.0 = Debug|Any CPU
		{FEDEFB28-FFC1-4A78-A34C-E9619F6F0127}.Release|Any CPU.ActiveCfg = Release|Any CPU
		{FEDEFB28-FFC1-4A78-A34C-E9619F6F0127}.Release|Any CPU.Build.0 = Release|Any CPU
		{10A9BF45-F4E5-4D29-A696-04FD073500F1}.Debug|Any CPU.ActiveCfg = Debug|Any CPU
		{10A9BF45-F4E5-4D29-A696-04FD073500F1}.Debug|Any CPU.Build.0 = Debug|Any CPU
		{10A9BF45-F4E5-4D29-A696-04FD073500F1}.Release|Any CPU.ActiveCfg = Release|Any CPU
		{10A9BF45-F4E5-4D29-A696-04FD073500F1}.Release|Any CPU.Build.0 = Release|Any CPU
		{77E03084-2215-481D-837C-5971C42578BB}.Debug|Any CPU.ActiveCfg = Debug|Any CPU
		{77E03084-2215-481D-837C-5971C42578BB}.Debug|Any CPU.Build.0 = Debug|Any CPU
		{77E03084-2215-481D-837C-5971C42578BB}.Release|Any CPU.ActiveCfg = Release|Any CPU
		{77E03084-2215-481D-837C-5971C42578BB}.Release|Any CPU.Build.0 = Release|Any CPU
		{D3CCEF8C-9B06-4C15-A32F-DB232E5ADB2B}.Debug|Any CPU.ActiveCfg = Debug|Any CPU
		{D3CCEF8C-9B06-4C15-A32F-DB232E5ADB2B}.Debug|Any CPU.Build.0 = Debug|Any CPU
		{D3CCEF8C-9B06-4C15-A32F-DB232E5ADB2B}.Release|Any CPU.ActiveCfg = Release|Any CPU
		{D3CCEF8C-9B06-4C15-A32F-DB232E5ADB2B}.Release|Any CPU.Build.0 = Release|Any CPU
		{C1EFC8D6-B129-4523-9B3E-A3500CB0B95B}.Debug|Any CPU.ActiveCfg = Debug|Any CPU
		{C1EFC8D6-B129-4523-9B3E-A3500CB0B95B}.Debug|Any CPU.Build.0 = Debug|Any CPU
		{C1EFC8D6-B129-4523-9B3E-A3500CB0B95B}.Release|Any CPU.ActiveCfg = Release|Any CPU
		{C1EFC8D6-B129-4523-9B3E-A3500CB0B95B}.Release|Any CPU.Build.0 = Release|Any CPU
		{3C9B3C71-C17E-4E3C-B0A7-9B15968B68E0}.Debug|Any CPU.ActiveCfg = Debug|Any CPU
		{3C9B3C71-C17E-4E3C-B0A7-9B15968B68E0}.Debug|Any CPU.Build.0 = Debug|Any CPU
		{3C9B3C71-C17E-4E3C-B0A7-9B15968B68E0}.Release|Any CPU.ActiveCfg = Release|Any CPU
		{3C9B3C71-C17E-4E3C-B0A7-9B15968B68E0}.Release|Any CPU.Build.0 = Release|Any CPU
		{A9BF5B18-6102-44DD-8501-A59A643E1865}.Debug|Any CPU.ActiveCfg = Debug|Any CPU
		{A9BF5B18-6102-44DD-8501-A59A643E1865}.Debug|Any CPU.Build.0 = Debug|Any CPU
		{A9BF5B18-6102-44DD-8501-A59A643E1865}.Release|Any CPU.ActiveCfg = Release|Any CPU
		{A9BF5B18-6102-44DD-8501-A59A643E1865}.Release|Any CPU.Build.0 = Release|Any CPU
		{42257C28-4928-45D1-9409-0F1799023378}.Debug|Any CPU.ActiveCfg = Debug|Any CPU
		{42257C28-4928-45D1-9409-0F1799023378}.Debug|Any CPU.Build.0 = Debug|Any CPU
		{42257C28-4928-45D1-9409-0F1799023378}.Release|Any CPU.ActiveCfg = Release|Any CPU
		{42257C28-4928-45D1-9409-0F1799023378}.Release|Any CPU.Build.0 = Release|Any CPU
		{63F2E0A0-C3C9-4822-A380-78078A58C093}.Debug|Any CPU.ActiveCfg = Debug|Any CPU
		{63F2E0A0-C3C9-4822-A380-78078A58C093}.Debug|Any CPU.Build.0 = Debug|Any CPU
		{63F2E0A0-C3C9-4822-A380-78078A58C093}.Release|Any CPU.ActiveCfg = Release|Any CPU
		{63F2E0A0-C3C9-4822-A380-78078A58C093}.Release|Any CPU.Build.0 = Release|Any CPU
		{4741774C-9002-4C36-9994-CDA34490F253}.Debug|Any CPU.ActiveCfg = Debug|Any CPU
		{4741774C-9002-4C36-9994-CDA34490F253}.Debug|Any CPU.Build.0 = Debug|Any CPU
		{4741774C-9002-4C36-9994-CDA34490F253}.Release|Any CPU.ActiveCfg = Release|Any CPU
		{4741774C-9002-4C36-9994-CDA34490F253}.Release|Any CPU.Build.0 = Release|Any CPU
		{C7961BA0-0779-4F39-86BD-F6B20EBA710A}.Debug|Any CPU.ActiveCfg = Debug|Any CPU
		{C7961BA0-0779-4F39-86BD-F6B20EBA710A}.Debug|Any CPU.Build.0 = Debug|Any CPU
		{C7961BA0-0779-4F39-86BD-F6B20EBA710A}.Release|Any CPU.ActiveCfg = Release|Any CPU
		{C7961BA0-0779-4F39-86BD-F6B20EBA710A}.Release|Any CPU.Build.0 = Release|Any CPU
		{C8A59862-E202-4B49-BA1D-C92524044ECC}.Debug|Any CPU.ActiveCfg = Debug|Any CPU
		{C8A59862-E202-4B49-BA1D-C92524044ECC}.Debug|Any CPU.Build.0 = Debug|Any CPU
		{C8A59862-E202-4B49-BA1D-C92524044ECC}.Release|Any CPU.ActiveCfg = Release|Any CPU
		{C8A59862-E202-4B49-BA1D-C92524044ECC}.Release|Any CPU.Build.0 = Release|Any CPU
		{20EFA105-33C6-4A92-B733-66DC3DB7B5F2}.Debug|Any CPU.ActiveCfg = Debug|Any CPU
		{20EFA105-33C6-4A92-B733-66DC3DB7B5F2}.Debug|Any CPU.Build.0 = Debug|Any CPU
		{20EFA105-33C6-4A92-B733-66DC3DB7B5F2}.Release|Any CPU.ActiveCfg = Release|Any CPU
		{20EFA105-33C6-4A92-B733-66DC3DB7B5F2}.Release|Any CPU.Build.0 = Release|Any CPU
		{E7A3C375-236B-448B-AF04-7F0ECA809364}.Debug|Any CPU.ActiveCfg = Debug|Any CPU
		{E7A3C375-236B-448B-AF04-7F0ECA809364}.Debug|Any CPU.Build.0 = Debug|Any CPU
		{E7A3C375-236B-448B-AF04-7F0ECA809364}.Release|Any CPU.ActiveCfg = Release|Any CPU
		{E7A3C375-236B-448B-AF04-7F0ECA809364}.Release|Any CPU.Build.0 = Release|Any CPU
	EndGlobalSection
	GlobalSection(SolutionProperties) = preSolution
		HideSolutionNode = FALSE
	EndGlobalSection
	GlobalSection(NestedProjects) = preSolution
		{04E292B1-65E0-4355-BE4C-0E7241447C72} = {5E9CE776-BE5D-43E8-BBD6-798F85C9F402}
		{276C16F3-F889-4E08-8D64-C35386865047} = {5E9CE776-BE5D-43E8-BBD6-798F85C9F402}
		{74904647-C4F6-45AC-99FF-761CDBE37864} = {5E9CE776-BE5D-43E8-BBD6-798F85C9F402}
		{18DC3430-572B-42A4-984F-2C01BF24861B} = {5E9CE776-BE5D-43E8-BBD6-798F85C9F402}
		{A99C716A-2BB7-477F-BE05-676BBED0B01E} = {5E9CE776-BE5D-43E8-BBD6-798F85C9F402}
		{D52BD2E7-2183-48CC-A7D0-BA0BDDDE43F1} = {4C000CC3-572C-4A83-84CE-F0F38CF07CC2}
		{FEDEFB28-FFC1-4A78-A34C-E9619F6F0127} = {4C000CC3-572C-4A83-84CE-F0F38CF07CC2}
		{10A9BF45-F4E5-4D29-A696-04FD073500F1} = {4C000CC3-572C-4A83-84CE-F0F38CF07CC2}
		{77E03084-2215-481D-837C-5971C42578BB} = {4C000CC3-572C-4A83-84CE-F0F38CF07CC2}
		{D3CCEF8C-9B06-4C15-A32F-DB232E5ADB2B} = {4C000CC3-572C-4A83-84CE-F0F38CF07CC2}
		{C1EFC8D6-B129-4523-9B3E-A3500CB0B95B} = {484EE4EF-7C0A-4ED7-A715-C120E2B3670E}
		{3C9B3C71-C17E-4E3C-B0A7-9B15968B68E0} = {484EE4EF-7C0A-4ED7-A715-C120E2B3670E}
		{A9BF5B18-6102-44DD-8501-A59A643E1865} = {484EE4EF-7C0A-4ED7-A715-C120E2B3670E}
		{42257C28-4928-45D1-9409-0F1799023378} = {484EE4EF-7C0A-4ED7-A715-C120E2B3670E}
		{63F2E0A0-C3C9-4822-A380-78078A58C093} = {484EE4EF-7C0A-4ED7-A715-C120E2B3670E}
		{4741774C-9002-4C36-9994-CDA34490F253} = {99106D41-602A-4E20-9171-CF2AFBD6BD83}
		{C7961BA0-0779-4F39-86BD-F6B20EBA710A} = {99106D41-602A-4E20-9171-CF2AFBD6BD83}
		{C8A59862-E202-4B49-BA1D-C92524044ECC} = {99106D41-602A-4E20-9171-CF2AFBD6BD83}
		{20EFA105-33C6-4A92-B733-66DC3DB7B5F2} = {99106D41-602A-4E20-9171-CF2AFBD6BD83}
		{E7A3C375-236B-448B-AF04-7F0ECA809364} = {99106D41-602A-4E20-9171-CF2AFBD6BD83}
	EndGlobalSection
	GlobalSection(ExtensibilityGlobals) = postSolution
		SolutionGuid = {334A8572-EAAE-49B6-B6C7-D25273AA5C98}
	EndGlobalSection
EndGlobal
